
Microsoft Visual Studio Solution File, Format Version 12.00
# Visual Studio Version 16
VisualStudioVersion = 16.0.34114.132
MinimumVisualStudioVersion = 10.0.40219.1
Project("{8BC9CEB8-8B4A-11D0-8D11-00A0C91BC942}") = "lab_16", "lab_16\lab_16.vcxproj", "{49403522-83B9-4665-B90A-D13FC69A65C7}"
EndProject
Global
	GlobalSection(SolutionConfigurationPlatforms) = preSolution
		Debug|x64 = Debug|x64
		Debug|x86 = Debug|x86
		Release|x64 = Release|x64
		Release|x86 = Release|x86
	EndGlobalSection
	GlobalSection(ProjectConfigurationPlatforms) = postSolution
		{49403522-83B9-4665-B90A-D13FC69A65C7}.Debug|x64.ActiveCfg = Debug|x64
		{49403522-83B9-4665-B90A-D13FC69A65C7}.Debug|x64.Build.0 = Debug|x64
		{49403522-83B9-4665-B90A-D13FC69A65C7}.Debug|x86.ActiveCfg = Debug|Win32
		{49403522-83B9-4665-B90A-D13FC69A65C7}.Debug|x86.Build.0 = Debug|Win32
		{49403522-83B9-4665-B90A-D13FC69A65C7}.Release|x64.ActiveCfg = Release|x64
		{49403522-83B9-4665-B90A-D13FC69A65C7}.Release|x64.Build.0 = Release|x64
		{49403522-83B9-4665-B90A-D13FC69A65C7}.Release|x86.ActiveCfg = Release|Win32
		{49403522-83B9-4665-B90A-D13FC69A65C7}.Release|x86.Build.0 = Release|Win32
	EndGlobalSection
	GlobalSection(SolutionProperties) = preSolution
		HideSolutionNode = FALSE
	EndGlobalSection
	GlobalSection(ExtensibilityGlobals) = postSolution
		SolutionGuid = {91C4AC8B-CA0A-4D31-AC73-AA84EE88913F}
	EndGlobalSection
EndGlobal
